# This file is autogenerated, do not edit; changes may be undone by the next 'dep ensure'.


[[projects]]
  branch = "master"
  digest = "1:0fc13bc80135d26cecb33c94d175f3399a73c1f1453bd3b7cd185837b28c1cbf"
  name = "github.com/ecc1/ble"
  packages = ["."]
  pruneopts = "UT"
  revision = "b31a0c22ab80d18c22bc45e0d8e6ced3e0cac4b0"

[[projects]]
  digest = "1:57fa4c058c21ce25d0b7272518dd746065117abf6cc706158b0d361202024520"
  name = "github.com/godbus/dbus"
  packages = ["."]
  pruneopts = "UT"
  revision = "a389bdde4dd695d414e47b755e95e72b7826432c"
  version = "v4.1.0"

[solve-meta]
  analyzer-name = "dep"
  analyzer-version = 1
  input-imports = [
    "github.com/ecc1/ble",
    "github.com/godbus/dbus",
  ]
  solver-name = "gps-cdcl"
  solver-version = 1
